{
  "name": "typescript",
  "version": "1.0.0",
  "lockfileVersion": 1,
  "requires": true,
  "dependencies": {
    "@didux-io/commons-js-node": {
      "version": "file:../../dist/node",
      "requires": {
        "big.js": "^5.2.2",
        "hi-base32": "^0.5.0",
        "js-sha3": "^0.8.0",
        "node-forge": "^0.7.6",
        "threads": "^0.12.0"
      },
      "dependencies": {
        "big.js": {
          "version": "5.2.2",
          "resolved": false
        },
        "eventemitter3": {
          "version": "2.0.3",
          "resolved": false
        },
        "hi-base32": {
          "version": "0.5.0",
          "resolved": false
        },
        "js-sha3": {
          "version": "0.8.0",
          "resolved": false
        },
        "native-promise-only": {
          "version": "0.8.1",
          "resolved": false
        },
        "node-forge": {
          "version": "0.7.6",
          "resolved": false
        },
        "threads": {
          "version": "0.12.0",
          "resolved": false,
          "requires": {
            "eventemitter3": "2.0.3",
            "native-promise-only": "0.8.1"
          }
        }
      }
    }
  }
}
